<?xml version="1.0" encoding="utf-8"?>
<Project ToolsVersion="4.0" xmlns="http://schemas.microsoft.com/developer/msbuild/2003">
  <ItemGroup>
    <Filter Include="ソース ファイル">
      <UniqueIdentifier>{4FC737F1-C7A5-4376-A066-2A32D752A2FF}</UniqueIdentifier>
      <Extensions>cpp;c;cc;cxx;def;odl;idl;hpj;bat;asm;asmx</Extensions>
    </Filter>
    <Filter Include="リソース ファイル">
      <UniqueIdentifier>{67DA6AB6-F800-4c08-8B7A-83BB121AAD01}</UniqueIdentifier>
      <Extensions>rc;ico;cur;bmp;dlg;rc2;rct;bin;rgs;gif;jpg;jpeg;jpe;resx;tiff;tif;png;wav;mfcribbon-ms</Extensions>
    </Filter>
    <Filter Include="ソース ファイル\Renderer">
      <UniqueIdentifier>{3a775a82-43f1-456a-be7e-7a9f8ffd7a63}</UniqueIdentifier>
    </Filter>
    <Filter Include="ソース ファイル\Collision">
      <UniqueIdentifier>{0396b9b4-ba4e-4dc3-97a0-88709153eba2}</UniqueIdentifier>
    </Filter>
    <Filter Include="ソース ファイル\Shader">
      <UniqueIdentifier>{493e172c-104d-47b2-9ce1-59958ee5c008}</UniqueIdentifier>
    </Filter>
    <Filter Include="ソース ファイル\Actor">
      <UniqueIdentifier>{9839ccbd-bdb4-4526-8c1e-bb916adc575e}</UniqueIdentifier>
    </Filter>
    <Filter Include="ソース ファイル\Component">
      <UniqueIdentifier>{2a0a7e54-2a4c-435e-9f8d-b433e3842276}</UniqueIdentifier>
    </Filter>
    <Filter Include="ソース ファイル\Scene">
      <UniqueIdentifier>{d6cb72ac-3e23-4cf2-a393-8e639df85bf8}</UniqueIdentifier>
    </Filter>
    <Filter Include="ソース ファイル\Actor\Player">
      <UniqueIdentifier>{90ed4383-c5ae-48f1-852a-bfdd34593c79}</UniqueIdentifier>
    </Filter>
    <Filter Include="ソース ファイル\Camera">
      <UniqueIdentifier>{21754b1d-1f67-4271-a016-3fb445ef4c69}</UniqueIdentifier>
    </Filter>
    <Filter Include="ソース ファイル\Interface">
      <UniqueIdentifier>{6497f3d4-6bde-46b6-8293-def8490335c0}</UniqueIdentifier>
    </Filter>
    <Filter Include="ソース ファイル\System">
      <UniqueIdentifier>{95c18e9d-f57a-4f14-8075-a4e78277814e}</UniqueIdentifier>
    </Filter>
    <Filter Include="ソース ファイル\Audio">
      <UniqueIdentifier>{5a49fa68-6e54-4832-b469-7c2805c9a72e}</UniqueIdentifier>
    </Filter>
    <Filter Include="ソース ファイル\Collision\Box">
      <UniqueIdentifier>{3ef2b456-8a27-4784-8d14-4376e56fed01}</UniqueIdentifier>
    </Filter>
    <Filter Include="ソース ファイル\Collision\Physics">
      <UniqueIdentifier>{f492e07a-7b5f-44a9-ad1f-8ca4d17dec36}</UniqueIdentifier>
    </Filter>
    <Filter Include="ソース ファイル\Component\Camera">
      <UniqueIdentifier>{4297c843-10f1-492e-a8dc-fac00228bb26}</UniqueIdentifier>
    </Filter>
    <Filter Include="ソース ファイル\Component\Move">
      <UniqueIdentifier>{5005a28f-7e08-438e-a6f1-ff052e915df6}</UniqueIdentifier>
    </Filter>
    <Filter Include="ソース ファイル\Component\Sprite">
      <UniqueIdentifier>{6dfe4d0d-96af-4109-80eb-bacf0f681bb0}</UniqueIdentifier>
    </Filter>
    <Filter Include="ソース ファイル\Renderer\Mesh">
      <UniqueIdentifier>{9d61469b-353b-4bd4-984a-6700fa10a6d0}</UniqueIdentifier>
    </Filter>
    <Filter Include="ソース ファイル\Renderer\Texture">
      <UniqueIdentifier>{c081bdc3-c1c7-44f5-b49e-7bf4d74e5055}</UniqueIdentifier>
    </Filter>
    <Filter Include="ソース ファイル\Renderer\Vertex">
      <UniqueIdentifier>{dbd14b84-70c6-4ef0-8618-fabdf58b005f}</UniqueIdentifier>
    </Filter>
    <Filter Include="ソース ファイル\System\Input">
      <UniqueIdentifier>{99e219fb-eacb-4945-87e3-107a91034967}</UniqueIdentifier>
    </Filter>
    <Filter Include="ソース ファイル\System\Json">
      <UniqueIdentifier>{dd31e05a-c84b-46b4-8a91-29953a9e284d}</UniqueIdentifier>
    </Filter>
    <Filter Include="ソース ファイル\Audio\Music">
      <UniqueIdentifier>{4e96e13d-4041-4f44-a8dc-69fcd9d94b80}</UniqueIdentifier>
    </Filter>
    <Filter Include="ソース ファイル\Audio\Sound">
      <UniqueIdentifier>{67887ee9-98f5-4a70-a78b-88ae7b81746d}</UniqueIdentifier>
    </Filter>
    <Filter Include="ソース ファイル\Scene\Title">
      <UniqueIdentifier>{215b7de9-d24b-41d3-af35-b1a7b16fd776}</UniqueIdentifier>
    </Filter>
    <Filter Include="ソース ファイル\Interface\Font">
      <UniqueIdentifier>{e69b7cea-0cf1-49b5-846f-0728381054a4}</UniqueIdentifier>
    </Filter>
    <Filter Include="ソース ファイル\Interface\HUD">
      <UniqueIdentifier>{1a0eb3c8-32c5-4866-ae76-13208a338ccf}</UniqueIdentifier>
    </Filter>
    <Filter Include="ソース ファイル\Interface\Time">
      <UniqueIdentifier>{d088b82a-8e32-4140-b5ba-ff6de5be90d0}</UniqueIdentifier>
    </Filter>
    <Filter Include="ソース ファイル\Interface\Title">
      <UniqueIdentifier>{f3e7706f-bb1d-4fe7-aec2-575bd7e70586}</UniqueIdentifier>
    </Filter>
    <Filter Include="ソース ファイル\Rule">
      <UniqueIdentifier>{7d6ecd38-8972-49d4-b1d9-697554ad98ab}</UniqueIdentifier>
    </Filter>
    <Filter Include="ソース ファイル\Interface\Score">
      <UniqueIdentifier>{597bf059-15f2-4cf8-85f5-b2a324d49a95}</UniqueIdentifier>
    </Filter>
    <Filter Include="ソース ファイル\Rule\Time">
      <UniqueIdentifier>{7c2e6076-cb30-4d34-a8f5-24c24f23c683}</UniqueIdentifier>
    </Filter>
    <Filter Include="ソース ファイル\Rule\Score">
      <UniqueIdentifier>{c4414b22-fcae-4762-adab-613d46708cf9}</UniqueIdentifier>
    </Filter>
    <Filter Include="ソース ファイル\Interface\Speed">
      <UniqueIdentifier>{09db9005-3766-4d7f-8f57-04fb2b6d7008}</UniqueIdentifier>
    </Filter>
    <Filter Include="ソース ファイル\Scene\Game">
      <UniqueIdentifier>{b64aae5c-6a30-4108-807e-912932e69582}</UniqueIdentifier>
    </Filter>
    <Filter Include="ソース ファイル\Scene\Result">
      <UniqueIdentifier>{5951c3b3-ab1e-4b0d-a7ed-d7c2dd8c9704}</UniqueIdentifier>
    </Filter>
    <Filter Include="ソース ファイル\Interface\Result">
      <UniqueIdentifier>{0bf949f9-570b-462c-afe3-a1c865801910}</UniqueIdentifier>
    </Filter>
    <Filter Include="ソース ファイル\Particle">
      <UniqueIdentifier>{63988c44-6f1f-481d-928a-546ca7ef2819}</UniqueIdentifier>
    </Filter>
    <Filter Include="ソース ファイル\Interface\Tutorial">
      <UniqueIdentifier>{822e1574-1d0d-40b5-9fe3-11fb14d52ca5}</UniqueIdentifier>
    </Filter>
    <Filter Include="ソース ファイル\Rule\Score\RecordScore">
      <UniqueIdentifier>{cb9df1c6-4f99-4347-b65b-482ecaeb0110}</UniqueIdentifier>
    </Filter>
    <Filter Include="ソース ファイル\Interface\Load">
      <UniqueIdentifier>{f863a63a-4bea-4676-86f2-0ca749abedb2}</UniqueIdentifier>
    </Filter>
    <Filter Include="ソース ファイル\Interface\Pause">
      <UniqueIdentifier>{84af4227-997f-46c4-9ed2-bf7f19593f7c}</UniqueIdentifier>
    </Filter>
    <Filter Include="ソース ファイル\Renderer\Mesh\GpMesh">
      <UniqueIdentifier>{0fff3cad-c29c-4f88-9d86-a9ce67ceb33a}</UniqueIdentifier>
    </Filter>
    <Filter Include="ソース ファイル\Renderer\Mesh\OBJ">
      <UniqueIdentifier>{10ae22d1-d05d-4bde-8044-7931e931ed9a}</UniqueIdentifier>
    </Filter>
    <Filter Include="リソース ファイル\tinyObj">
      <UniqueIdentifier>{a9630fba-d98b-4c7a-b77e-ef037a45d1a7}</UniqueIdentifier>
    </Filter>
    <Filter Include="ソース ファイル\Renderer\Mesh\Skeleton">
      <UniqueIdentifier>{e5b5d1f5-535a-451b-9df2-b8883f0a6c0e}</UniqueIdentifier>
    </Filter>
    <Filter Include="ソース ファイル\Renderer\Mesh\Component">
      <UniqueIdentifier>{63724c07-e8d3-4036-8fb4-cfa738f55ce9}</UniqueIdentifier>
    </Filter>
    <Filter Include="ソース ファイル\Actor\Level">
      <UniqueIdentifier>{cf67530b-1b7d-4fbb-b704-847f1d0ef10d}</UniqueIdentifier>
    </Filter>
    <Filter Include="ソース ファイル\Actor\Level\Sky">
      <UniqueIdentifier>{3ce14ef8-9c7f-4788-83b4-51ef0a14426b}</UniqueIdentifier>
    </Filter>
    <Filter Include="ソース ファイル\Actor\Level\Block">
      <UniqueIdentifier>{f60c317e-2476-44b6-9f0c-3dcc3784dc08}</UniqueIdentifier>
    </Filter>
    <Filter Include="ソース ファイル\Actor\Level\LevelObject">
      <UniqueIdentifier>{1aa1a028-ff05-4834-ba9e-14fc266082fa}</UniqueIdentifier>
    </Filter>
    <Filter Include="ソース ファイル\Shader\Source">
      <UniqueIdentifier>{2a988dbb-6511-4d49-8f23-8f5a99eb62b8}</UniqueIdentifier>
    </Filter>
    <Filter Include="ソース ファイル\Component\Move\Car">
      <UniqueIdentifier>{98ab0cdb-ec89-4b9d-9716-57df46aedff6}</UniqueIdentifier>
    </Filter>
    <Filter Include="ソース ファイル\Component\Move\Human">
      <UniqueIdentifier>{4bf8805c-ae03-48b8-9d49-129430c13666}</UniqueIdentifier>
    </Filter>
    <Filter Include="ソース ファイル\Actor\Player\Car">
      <UniqueIdentifier>{6f62f4e6-b105-40da-ab6a-fe3f29bb19af}</UniqueIdentifier>
    </Filter>
    <Filter Include="ソース ファイル\Actor\Player\Human">
      <UniqueIdentifier>{d2e68c46-0b7c-48a4-bc4d-b8cc2e3e4475}</UniqueIdentifier>
    </Filter>
    <Filter Include="ソース ファイル\Actor\Player\Car\Body">
      <UniqueIdentifier>{366481b1-c557-4727-9e63-3c7f15ff8f8c}</UniqueIdentifier>
    </Filter>
    <Filter Include="ソース ファイル\Actor\Player\Car\Door">
      <UniqueIdentifier>{dc6ae658-4219-4044-aee3-0461f9f72bfc}</UniqueIdentifier>
    </Filter>
    <Filter Include="ソース ファイル\Actor\Player\Car\Wheel">
      <UniqueIdentifier>{76c89efe-988a-4f29-84ab-1cbdd0550ffd}</UniqueIdentifier>
    </Filter>
    <Filter Include="ソース ファイル\Actor\Player\Car\Handle">
      <UniqueIdentifier>{9a053f92-7946-4c69-ade0-23857d6d4ed2}</UniqueIdentifier>
    </Filter>
    <Filter Include="ソース ファイル\Camera\Orbit">
      <UniqueIdentifier>{da71f9e0-c479-48da-9c2c-92b1eef2cd5d}</UniqueIdentifier>
    </Filter>
    <Filter Include="ソース ファイル\Camera\CarCamera">
      <UniqueIdentifier>{66fdc3aa-262b-4d85-909d-ac7fe65291ef}</UniqueIdentifier>
    </Filter>
    <Filter Include="ソース ファイル\System\Config">
      <UniqueIdentifier>{d7f0f87e-d144-4e90-99dd-18c55903e560}</UniqueIdentifier>
    </Filter>
    <Filter Include="ソース ファイル\System\Input\XINPUT">
      <UniqueIdentifier>{f6e125f8-1984-4381-9e7d-f6f89475e586}</UniqueIdentifier>
    </Filter>
    <Filter Include="ソース ファイル\System\Input\KeyBoard">
      <UniqueIdentifier>{12c8bd84-5491-47f5-b587-b7ade2c8a4b9}</UniqueIdentifier>
    </Filter>
    <Filter Include="ソース ファイル\System\Input\Mouse">
      <UniqueIdentifier>{6c8b55d6-8e76-4161-a1ce-915d4658f08c}</UniqueIdentifier>
    </Filter>
    <Filter Include="ソース ファイル\System\Input\SteeringWheel">
      <UniqueIdentifier>{16779bda-c807-406d-a8b0-5fefec9ee9cf}</UniqueIdentifier>
    </Filter>
    <Filter Include="リソース ファイル\ImGui">
      <UniqueIdentifier>{ee2a74b0-f6ee-4f0b-8efa-c20c11334023}</UniqueIdentifier>
    </Filter>
    <Filter Include="ソース ファイル\Camera\HumanCamera">
      <UniqueIdentifier>{2be2cf55-170e-440b-8b9e-2f89bd3ef926}</UniqueIdentifier>
    </Filter>
    <Filter Include="ソース ファイル\Camera\ThirdPerson">
      <UniqueIdentifier>{76f2700a-da4f-4ce9-ae4f-56685d22c002}</UniqueIdentifier>
    </Filter>
    <Filter Include="ソース ファイル\Interface\Mission">
      <UniqueIdentifier>{93e10fdb-17cd-4aa8-9f59-c14d873a8163}</UniqueIdentifier>
    </Filter>
    <Filter Include="ソース ファイル\Mission">
      <UniqueIdentifier>{5a47227f-fc01-40c6-8e13-6ca93442d18a}</UniqueIdentifier>
    </Filter>
    <Filter Include="ソース ファイル\Shader\Source\FrameBuffer">
      <UniqueIdentifier>{0b912002-6a1f-4e68-870a-7946740d55dd}</UniqueIdentifier>
    </Filter>
    <Filter Include="ソース ファイル\Renderer\FrameBuffer">
      <UniqueIdentifier>{bbf94f3e-8b15-47db-9e84-425e40ba7492}</UniqueIdentifier>
    </Filter>
    <Filter Include="ソース ファイル\Actor\ClientActor">
      <UniqueIdentifier>{ac54dc95-48b5-48c4-ae2e-73a27d414d1d}</UniqueIdentifier>
    </Filter>
    <Filter Include="ソース ファイル\Shader\Source\Sprite">
      <UniqueIdentifier>{0d9997d8-8e55-4d91-abd3-ccafefe15b3f}</UniqueIdentifier>
    </Filter>
    <Filter Include="ソース ファイル\Actor\Helicopter">
      <UniqueIdentifier>{33ec4bae-68ff-4954-8072-e5b9c3cabc0d}</UniqueIdentifier>
    </Filter>
    <Filter Include="ソース ファイル\Renderer\ShadowMap">
      <UniqueIdentifier>{1fda949d-3b68-432e-b17f-fdb7a5cc23be}</UniqueIdentifier>
    </Filter>
    <Filter Include="ソース ファイル\Actor\CameraActor">
      <UniqueIdentifier>{af1f7a7d-c2a0-47e5-a8d1-838e1ae53ac5}</UniqueIdentifier>
    </Filter>
    <Filter Include="ソース ファイル\Component\Helicopter">
      <UniqueIdentifier>{0212efed-a767-475b-9543-7b15d1910242}</UniqueIdentifier>
    </Filter>
    <Filter Include="ソース ファイル\Component\Helicopter\Patrol">
      <UniqueIdentifier>{6796079c-c07d-495b-8e7f-04f4901556b9}</UniqueIdentifier>
    </Filter>
    <Filter Include="ソース ファイル\Actor\Helicopter\parts">
      <UniqueIdentifier>{8964056e-e320-43c4-bed7-d3fb351cfaf0}</UniqueIdentifier>
    </Filter>
    <Filter Include="ソース ファイル\Actor\Helicopter\parts\HeliBody">
      <UniqueIdentifier>{c953decf-ca65-40a7-a4ff-2546e6b07f74}</UniqueIdentifier>
    </Filter>
    <Filter Include="ソース ファイル\Actor\Helicopter\parts\HeliLight">
      <UniqueIdentifier>{6b9691a2-2b4a-4088-8ce8-075586486a6b}</UniqueIdentifier>
    </Filter>
    <Filter Include="ソース ファイル\Actor\Helicopter\parts\HeliRotorBack">
      <UniqueIdentifier>{715269d7-7b5b-4280-b561-ce74b903c974}</UniqueIdentifier>
    </Filter>
    <Filter Include="ソース ファイル\Actor\Helicopter\parts\HeliRotorMain">
      <UniqueIdentifier>{2b820c39-f6f6-4dfa-a015-375dda1e6057}</UniqueIdentifier>
    </Filter>
    <Filter Include="ソース ファイル\Actor\Helicopter\PatrolPoint">
      <UniqueIdentifier>{15441825-e259-40d9-b2e1-08309ac27336}</UniqueIdentifier>
    </Filter>
    <Filter Include="ソース ファイル\World">
      <UniqueIdentifier>{2a4edf35-73c1-49bf-8590-bd8c1bb9cf6d}</UniqueIdentifier>
    </Filter>
    <Filter Include="ソース ファイル\Shader\Source\Sprite\WorldSpace">
      <UniqueIdentifier>{47e2aff1-5947-48f1-8a8c-a34400383581}</UniqueIdentifier>
    </Filter>
    <Filter Include="ソース ファイル\Interface\WorldSpace">
      <UniqueIdentifier>{33b7adf4-3564-4883-89ac-2c035e10b9eb}</UniqueIdentifier>
    </Filter>
    <Filter Include="ソース ファイル\Actor\Level\LevelTerrain">
      <UniqueIdentifier>{13c1207d-e69c-43d9-99ce-162fd0768f3f}</UniqueIdentifier>
    </Filter>
    <Filter Include="ソース ファイル\Interface\PlayerControl">
      <UniqueIdentifier>{728ad362-5477-4dde-bb7d-82aefa32fb0d}</UniqueIdentifier>
    </Filter>
    <Filter Include="ソース ファイル\Interface\Debug">
      <UniqueIdentifier>{c66c0357-ebf9-46c3-9774-067f65e11084}</UniqueIdentifier>
    </Filter>
    <Filter Include="ソース ファイル\Interface\Debug\Grid">
      <UniqueIdentifier>{4a4816b2-ee7e-43af-8764-35f5ffab8c64}</UniqueIdentifier>
    </Filter>
    <Filter Include="ソース ファイル\Interface\HeliAlertUI">
      <UniqueIdentifier>{e108ad52-d77e-4f60-958f-b56c5bae85eb}</UniqueIdentifier>
    </Filter>
    <Filter Include="ソース ファイル\Renderer\Mesh\Component\Mesh">
      <UniqueIdentifier>{989bdd0c-5952-4b09-9d27-c79eb31ef09c}</UniqueIdentifier>
    </Filter>
    <Filter Include="ソース ファイル\Renderer\Mesh\Component\CubeMap">
      <UniqueIdentifier>{0eea475c-1eee-47e5-9d9e-bcf159cdb31e}</UniqueIdentifier>
    </Filter>
    <Filter Include="ソース ファイル\Renderer\Mesh\Component\Skeletal">
      <UniqueIdentifier>{29af4e36-262a-4adc-9c8a-6e9ec1a486c0}</UniqueIdentifier>
    </Filter>
    <Filter Include="ソース ファイル\Renderer\Mesh\Component\EnvironmentMap">
      <UniqueIdentifier>{28923696-600e-46d4-bdfc-b8cc336f9ead}</UniqueIdentifier>
    </Filter>
    <Filter Include="ソース ファイル\World\Night">
      <UniqueIdentifier>{819bf69d-cd57-44fe-8eea-3d6e9840e6c8}</UniqueIdentifier>
    </Filter>
    <Filter Include="ソース ファイル\World\Morning">
      <UniqueIdentifier>{64495a5f-e733-4dcb-8cf5-887f80324521}</UniqueIdentifier>
    </Filter>
    <Filter Include="ソース ファイル\Renderer\Bloom">
      <UniqueIdentifier>{135c4e9b-e57f-4a35-aac4-c4230f42b288}</UniqueIdentifier>
    </Filter>
    <Filter Include="ソース ファイル\Shader\Source\MultiRender">
      <UniqueIdentifier>{30c7ed57-98b2-47b1-be64-8162ceda53d9}</UniqueIdentifier>
    </Filter>
    <Filter Include="ソース ファイル\Shader\Source\SingleRender">
      <UniqueIdentifier>{bd3d000d-4fa6-4835-99ea-ec2f2747cd23}</UniqueIdentifier>
    </Filter>
    <Filter Include="ソース ファイル\Shader\Source\SingleRender\EnvironmentMap">
      <UniqueIdentifier>{1f0e995d-21c7-4808-b995-385c70e59616}</UniqueIdentifier>
    </Filter>
    <Filter Include="ソース ファイル\Shader\Source\SingleRender\Mesh">
      <UniqueIdentifier>{d7575731-32e4-4fff-ba89-16d77d42143a}</UniqueIdentifier>
    </Filter>
    <Filter Include="ソース ファイル\Shader\Source\SingleRender\Shadow">
      <UniqueIdentifier>{162cfd7d-cb1a-4dd0-905d-bd67c19344b0}</UniqueIdentifier>
    </Filter>
    <Filter Include="ソース ファイル\Shader\Source\SingleRender\Shadow\DepthMap">
      <UniqueIdentifier>{5cc68e3a-1263-4a07-9678-8ec8c58d143c}</UniqueIdentifier>
    </Filter>
    <Filter Include="ソース ファイル\Shader\Source\SingleRender\Shadow\DepthMap\Basic">
      <UniqueIdentifier>{f7f1adb4-044e-4786-a415-058a024b0f6f}</UniqueIdentifier>
    </Filter>
    <Filter Include="ソース ファイル\Shader\Source\SingleRender\Shadow\DepthMap\Skinned">
      <UniqueIdentifier>{1ba746fc-ee15-412b-a061-d2b6c68b50e6}</UniqueIdentifier>
    </Filter>
    <Filter Include="ソース ファイル\Shader\Source\SingleRender\Shadow\NormalMap">
      <UniqueIdentifier>{bc553cfa-6ffe-4fd0-b276-2517a2c31896}</UniqueIdentifier>
    </Filter>
    <Filter Include="ソース ファイル\Shader\Source\SingleRender\ShadowLess">
      <UniqueIdentifier>{398ee544-4e68-4b4c-b552-6983f026c348}</UniqueIdentifier>
    </Filter>
    <Filter Include="ソース ファイル\Shader\Source\MultiRender\Mesh">
      <UniqueIdentifier>{4c48fea9-e334-4f7f-91b5-c305a462a076}</UniqueIdentifier>
    </Filter>
    <Filter Include="ソース ファイル\Shader\Source\SingleRender\Shadow\BasicMesh">
      <UniqueIdentifier>{1881c055-8ab5-4f70-a7e2-d4581d8912b6}</UniqueIdentifier>
    </Filter>
    <Filter Include="ソース ファイル\Shader\Source\SingleRender\Shadow\BasicMesh\Skinned">
      <UniqueIdentifier>{982e61b7-289c-4dda-bfeb-2d47fe3e7d31}</UniqueIdentifier>
    </Filter>
    <Filter Include="ソース ファイル\Shader\Source\SingleRender\Shadow\NormalMap\Skinned">
      <UniqueIdentifier>{3dedc1c0-cb11-402d-b831-4bd29790a124}</UniqueIdentifier>
    </Filter>
    <Filter Include="ソース ファイル\Shader\Source\MultiRender\Mesh\Skinned">
      <UniqueIdentifier>{3e359618-a52c-4858-9293-5447344918df}</UniqueIdentifier>
    </Filter>
    <Filter Include="ソース ファイル\Shader\Source\MultiRender\HDR">
      <UniqueIdentifier>{ac55611f-4ea2-48d6-a162-35cf223681d4}</UniqueIdentifier>
    </Filter>
    <Filter Include="ソース ファイル\Shader\Source\MultiRender\HDR\DownSampling">
      <UniqueIdentifier>{94dc2698-a153-46b2-9c89-768295078170}</UniqueIdentifier>
    </Filter>
    <Filter Include="ソース ファイル\Shader\Source\MultiRender\HDR\GaussBlur">
      <UniqueIdentifier>{087afda9-a67a-4639-bf16-8f137cb49cdc}</UniqueIdentifier>
    </Filter>
    <Filter Include="ソース ファイル\Shader\Source\MultiRender\HDR\Bloom">
      <UniqueIdentifier>{f31f05f6-b389-4a58-bd92-43cad8cc83af}</UniqueIdentifier>
    </Filter>
    <Filter Include="ソース ファイル\Shader\Source\MultiRender\Mesh\SkyBox">
      <UniqueIdentifier>{4cd8a808-5347-4f18-bf7e-62bd07a88c0f}</UniqueIdentifier>
    </Filter>
    <Filter Include="ソース ファイル\Shader\Source\MultiRender\Mesh\Environment">
      <UniqueIdentifier>{975e5b2c-a977-4b70-b27b-b6bd652ea515}</UniqueIdentifier>
    </Filter>
    <Filter Include="ソース ファイル\Renderer\DefferedRenderer">
      <UniqueIdentifier>{6b292e15-8a5f-4e36-9677-1f30405702ce}</UniqueIdentifier>
    </Filter>
    <Filter Include="ソース ファイル\Interface\MiniMapHUD">
      <UniqueIdentifier>{3189e609-349a-40ec-9878-61ffc3da7a95}</UniqueIdentifier>
    </Filter>
    <Filter Include="ソース ファイル\Renderer\ForwardRenderer">
      <UniqueIdentifier>{b9c01a35-416c-4728-97be-1bb4128c4ecf}</UniqueIdentifier>
    </Filter>
    <Filter Include="ソース ファイル\Shader\Source\GBuffer">
      <UniqueIdentifier>{e01ad695-5e0b-43c5-b651-9c96c5b89df8}</UniqueIdentifier>
    </Filter>
    <Filter Include="ソース ファイル\Shader\Source\GBuffer\Mesh">
      <UniqueIdentifier>{4fd624cd-09f8-4458-957c-4f6587facefb}</UniqueIdentifier>
    </Filter>
    <Filter Include="ソース ファイル\Shader\Source\GBuffer\Mesh\Basic">
      <UniqueIdentifier>{d4026ac6-f27e-4842-828d-fd26bc59eb7b}</UniqueIdentifier>
    </Filter>
    <Filter Include="ソース ファイル\Actor\Light">
      <UniqueIdentifier>{1c3528e5-ed53-456c-baff-7831ae4d8452}</UniqueIdentifier>
    </Filter>
    <Filter Include="ソース ファイル\Actor\Light\LightComponent">
      <UniqueIdentifier>{374953e5-7f5f-4525-8381-65af12edcd85}</UniqueIdentifier>
    </Filter>
    <Filter Include="ソース ファイル\Actor\Light\LightComponent\PointLight">
      <UniqueIdentifier>{9a79c6fb-2506-4ee2-9e2c-e46623f23de4}</UniqueIdentifier>
    </Filter>
    <Filter Include="ソース ファイル\Actor\Light\LightComponent\DirectionalLight">
      <UniqueIdentifier>{09af1951-72b4-4387-927f-cd45179f69ae}</UniqueIdentifier>
    </Filter>
    <Filter Include="ソース ファイル\Actor\Light\PointLight">
      <UniqueIdentifier>{78225aa9-dfd7-4a42-b430-093853d001ab}</UniqueIdentifier>
    </Filter>
    <Filter Include="ソース ファイル\Actor\Light\DirectionalLight">
      <UniqueIdentifier>{3cf493a2-3c4e-4d45-a49f-68952d365f00}</UniqueIdentifier>
    </Filter>
    <Filter Include="ソース ファイル\Actor\Light\SpotLight">
      <UniqueIdentifier>{90d18e8a-9ddb-45f8-bbda-5a83fb87c42c}</UniqueIdentifier>
    </Filter>
    <Filter Include="ソース ファイル\Shader\Source\GBuffer\Lighting">
      <UniqueIdentifier>{c1743245-5b0c-4e85-9c0f-2e5cbef4b924}</UniqueIdentifier>
    </Filter>
    <Filter Include="ソース ファイル\Shader\Source\GBuffer\Mesh\SkyBox">
      <UniqueIdentifier>{0e746bce-76b8-4a1c-afc7-a4381b46e96d}</UniqueIdentifier>
    </Filter>
    <Filter Include="ソース ファイル\Shader\Source\GBuffer\Mesh\Environment">
      <UniqueIdentifier>{4d5eb8c4-bc0d-47cb-bc7a-07f56d3ea0d1}</UniqueIdentifier>
    </Filter>
    <Filter Include="ソース ファイル\Shader\Source\GBuffer\Mesh\Shadow">
      <UniqueIdentifier>{86f93852-9154-4575-b0db-8b6a99a1ab32}</UniqueIdentifier>
    </Filter>
    <Filter Include="ソース ファイル\Shader\Source\GBuffer\Mesh\ShadowBloom">
      <UniqueIdentifier>{104487f0-4ef7-4514-92c2-641ea417479b}</UniqueIdentifier>
    </Filter>
    <Filter Include="ソース ファイル\Shader\Source\GBuffer\Mesh\NormalShadow">
      <UniqueIdentifier>{c0919be5-e9c2-4b9c-8f6c-eb54a20c5907}</UniqueIdentifier>
    </Filter>
    <Filter Include="ソース ファイル\Shader\Source\GBuffer\Lighting\Basic">
      <UniqueIdentifier>{25853f89-d71b-4242-a084-3e74088d2f03}</UniqueIdentifier>
    </Filter>
    <Filter Include="ソース ファイル\Shader\Source\GBuffer\Lighting\Basic\DirectionalLight">
      <UniqueIdentifier>{3db4df89-c9b2-4b77-90fb-6a265c53c0f3}</UniqueIdentifier>
    </Filter>
    <Filter Include="ソース ファイル\Shader\Source\GBuffer\Lighting\Basic\PointLight">
      <UniqueIdentifier>{e7158a4f-b137-4a9d-9638-6cad0629ca99}</UniqueIdentifier>
    </Filter>
    <Filter Include="ソース ファイル\Shader\Source\GBuffer\Lighting\Bloom">
      <UniqueIdentifier>{85bc25b0-ad93-4333-8db3-078c81ac3ae0}</UniqueIdentifier>
    </Filter>
    <Filter Include="ソース ファイル\Shader\Source\GBuffer\Lighting\Bloom\DirectionalLight">
      <UniqueIdentifier>{4b8f55c2-ed4f-4c4f-a32c-4ff13df748bf}</UniqueIdentifier>
    </Filter>
    <Filter Include="ソース ファイル\Shader\Source\GBuffer\Lighting\Bloom\PointLight">
      <UniqueIdentifier>{ad8e5ee2-d946-4bf7-808c-00fee1164205}</UniqueIdentifier>
    </Filter>
    <Filter Include="ソース ファイル\Shader\Source\GBuffer\Lighting\Bloom\Sprite">
      <UniqueIdentifier>{a79922f7-5c1a-400a-9dfb-36357661810f}</UniqueIdentifier>
    </Filter>
    <Filter Include="ソース ファイル\Shader\Source\GBuffer\Lighting\Bloom\Particle">
      <UniqueIdentifier>{a28543f9-c8a8-40b9-8726-395222b3b0a5}</UniqueIdentifier>
    </Filter>
    <Filter Include="ソース ファイル\Shader\Source\GBuffer\Lighting\Bloom\Sprite\WorldSpace">
      <UniqueIdentifier>{406482d1-cc1f-4bde-9cf3-d8350d8c4cab}</UniqueIdentifier>
    </Filter>
    <Filter Include="ソース ファイル\Shader\Source\GBuffer\Lighting\Bloom\SpotLight">
      <UniqueIdentifier>{b501af91-0dfa-4071-8e75-2f32d8a65e9e}</UniqueIdentifier>
    </Filter>
    <Filter Include="ソース ファイル\Actor\Indicator">
      <UniqueIdentifier>{6efc99e7-34e2-4d19-846c-1fc09be03395}</UniqueIdentifier>
    </Filter>
    <Filter Include="ソース ファイル\Renderer\Mesh\Component\Mesh\Basic">
      <UniqueIdentifier>{538eea35-f491-4406-8682-992dde7488c4}</UniqueIdentifier>
    </Filter>
    <Filter Include="ソース ファイル\Renderer\Mesh\Component\Mesh\CarMesh">
      <UniqueIdentifier>{3a3a3304-6634-4837-b00b-6a64373d98ba}</UniqueIdentifier>
    </Filter>
    <Filter Include="ソース ファイル\Shader\Source\GBuffer\Mesh\Car">
      <UniqueIdentifier>{5126e162-faf3-458c-b399-4d0ec571a0dc}</UniqueIdentifier>
    </Filter>
    <Filter Include="ソース ファイル\Shader\Source\GBuffer\Mesh\Car\reflect">
      <UniqueIdentifier>{594d3997-c515-4424-84b6-a56c32324640}</UniqueIdentifier>
    </Filter>
    <Filter Include="ソース ファイル\Actor\Light\LightComponent\SpotLight">
      <UniqueIdentifier>{f090c2f1-5a45-474d-9dba-2a5ac347ee2d}</UniqueIdentifier>
    </Filter>
    <Filter Include="ソース ファイル\Shader\Source\GBuffer\Lighting\Basic\LightGlass">
      <UniqueIdentifier>{aa66190a-4200-4e7a-8074-cbf5ca5b9d62}</UniqueIdentifier>
    </Filter>
  </ItemGroup>
  <ItemGroup>
    <ClCompile Include="Source\Main.cpp">
      <Filter>ソース ファイル</Filter>
    </ClCompile>
    <ClCompile Include="Source\GameMain.cpp">
      <Filter>ソース ファイル</Filter>
    </ClCompile>
    <ClCompile Include="Source\Renderer.cpp">
      <Filter>ソース ファイル\Renderer</Filter>
    </ClCompile>
    <ClCompile Include="Source\Collision.cpp">
      <Filter>ソース ファイル\Collision</Filter>
    </ClCompile>
    <ClCompile Include="Source\Shader.cpp">
      <Filter>ソース ファイル\Shader</Filter>
    </ClCompile>
    <ClCompile Include="Source\Actor.cpp">
      <Filter>ソース ファイル\Actor</Filter>
    </ClCompile>
    <ClCompile Include="Source\Component.cpp">
      <Filter>ソース ファイル\Component</Filter>
    </ClCompile>
    <ClCompile Include="Source\Camera.cpp">
      <Filter>ソース ファイル\Camera</Filter>
    </ClCompile>
    <ClCompile Include="Source\DebugBox.cpp">
      <Filter>ソース ファイル\Interface\Debug</Filter>
    </ClCompile>
    <ClCompile Include="Source\UIScreen.cpp">
      <Filter>ソース ファイル\Interface</Filter>
    </ClCompile>
    <ClCompile Include="Source\Math.cpp">
      <Filter>ソース ファイル\System</Filter>
    </ClCompile>
    <ClCompile Include="Source\AudioManager.cpp">
      <Filter>ソース ファイル\Audio</Filter>
    </ClCompile>
    <ClCompile Include="Source\BoxCollider.cpp">
      <Filter>ソース ファイル\Collision\Box</Filter>
    </ClCompile>
    <ClCompile Include="Source\PhysicsWorld.cpp">
      <Filter>ソース ファイル\Collision\Physics</Filter>
    </ClCompile>
    <ClCompile Include="Source\CameraComponent.cpp">
      <Filter>ソース ファイル\Component\Camera</Filter>
    </ClCompile>
    <ClCompile Include="Source\MoveComponent.cpp">
      <Filter>ソース ファイル\Component\Move</Filter>
    </ClCompile>
    <ClCompile Include="Source\SpriteComponent.cpp">
      <Filter>ソース ファイル\Component\Sprite</Filter>
    </ClCompile>
    <ClCompile Include="Source\LevelBlock.cpp">
      <Filter>ソース ファイル\Actor\Level\Block</Filter>
    </ClCompile>
    <ClCompile Include="Source\Mesh.cpp">
      <Filter>ソース ファイル\Renderer\Mesh</Filter>
    </ClCompile>
    <ClCompile Include="Source\Particle.cpp">
      <Filter>ソース ファイル\Particle</Filter>
    </ClCompile>
    <ClCompile Include="Source\Texture.cpp">
      <Filter>ソース ファイル\Renderer\Texture</Filter>
    </ClCompile>
    <ClCompile Include="Source\VertexArray.cpp">
      <Filter>ソース ファイル\Renderer\Vertex</Filter>
    </ClCompile>
    <ClCompile Include="Source\ParticleManager.cpp">
      <Filter>ソース ファイル\Particle</Filter>
    </ClCompile>
    <ClCompile Include="Source\RapidJsonHelper.cpp">
      <Filter>ソース ファイル\System\Json</Filter>
    </ClCompile>
    <ClCompile Include="Source\Music.cpp">
      <Filter>ソース ファイル\Audio\Music</Filter>
    </ClCompile>
    <ClCompile Include="Source\Sound.cpp">
      <Filter>ソース ファイル\Audio\Sound</Filter>
    </ClCompile>
    <ClCompile Include="Source\TitleScene.cpp">
      <Filter>ソース ファイル\Scene\Title</Filter>
    </ClCompile>
    <ClCompile Include="Source\Font.cpp">
      <Filter>ソース ファイル\Interface\Font</Filter>
    </ClCompile>
    <ClCompile Include="Source\HUD.cpp">
      <Filter>ソース ファイル\Interface\HUD</Filter>
    </ClCompile>
    <ClCompile Include="Source\CountDownUI.cpp">
      <Filter>ソース ファイル\Interface\Time</Filter>
    </ClCompile>
    <ClCompile Include="Source\TitleScreen.cpp">
      <Filter>ソース ファイル\Interface\Title</Filter>
    </ClCompile>
    <ClCompile Include="Source\RuleTime.cpp">
      <Filter>ソース ファイル\Rule\Time</Filter>
    </ClCompile>
    <ClCompile Include="Source\RuleScore.cpp">
      <Filter>ソース ファイル\Rule\Score</Filter>
    </ClCompile>
    <ClCompile Include="Source\ScoreUI.cpp">
      <Filter>ソース ファイル\Interface\Score</Filter>
    </ClCompile>
    <ClCompile Include="Source\SpeedMeterUI.cpp">
      <Filter>ソース ファイル\Interface\Speed</Filter>
    </ClCompile>
    <ClCompile Include="Source\GameScene.cpp">
      <Filter>ソース ファイル\Scene\Game</Filter>
    </ClCompile>
    <ClCompile Include="Source\ResultScene.cpp">
      <Filter>ソース ファイル\Scene\Result</Filter>
    </ClCompile>
    <ClCompile Include="Source\ResultScreen.cpp">
      <Filter>ソース ファイル\Interface\Result</Filter>
    </ClCompile>
    <ClCompile Include="Source\TutorialUI.cpp">
      <Filter>ソース ファイル\Interface\Tutorial</Filter>
    </ClCompile>
    <ClCompile Include="Source\LoadScreen.cpp">
      <Filter>ソース ファイル\Interface\Load</Filter>
    </ClCompile>
    <ClCompile Include="Source\RecordScore.cpp">
      <Filter>ソース ファイル\Rule\Score\RecordScore</Filter>
    </ClCompile>
    <ClCompile Include="Source\PauseScreen.cpp">
      <Filter>ソース ファイル\Interface\Pause</Filter>
    </ClCompile>
    <ClCompile Include="Source\LevelObject.cpp">
      <Filter>ソース ファイル\Actor\Level\LevelObject</Filter>
    </ClCompile>
    <ClCompile Include="Source\MeshGpmesh.cpp">
      <Filter>ソース ファイル\Renderer\Mesh\GpMesh</Filter>
    </ClCompile>
    <ClCompile Include="Source\MeshObj.cpp">
      <Filter>ソース ファイル\Renderer\Mesh\OBJ</Filter>
    </ClCompile>
    <ClCompile Include="Source\tiny_obj_loader.cc">
      <Filter>リソース ファイル\tinyObj</Filter>
    </ClCompile>
    <ClCompile Include="Source\Animation.cpp">
      <Filter>ソース ファイル\Renderer\Mesh\Skeleton</Filter>
    </ClCompile>
    <ClCompile Include="Source\Skeleton.cpp">
      <Filter>ソース ファイル\Renderer\Mesh\Skeleton</Filter>
    </ClCompile>
    <ClCompile Include="Source\BoneTransform.cpp">
      <Filter>ソース ファイル\Renderer\Mesh\Skeleton</Filter>
    </ClCompile>
    <ClCompile Include="Source\MoveComponentCar.cpp">
      <Filter>ソース ファイル\Component\Move\Car</Filter>
    </ClCompile>
    <ClCompile Include="Source\MoveComponentHuman.cpp">
      <Filter>ソース ファイル\Component\Move\Human</Filter>
    </ClCompile>
    <ClCompile Include="Source\PlayerManager.cpp">
      <Filter>ソース ファイル\Actor\Player</Filter>
    </ClCompile>
    <ClCompile Include="Source\PlayerCar.cpp">
      <Filter>ソース ファイル\Actor\Player\Car</Filter>
    </ClCompile>
    <ClCompile Include="Source\CarBody.cpp">
      <Filter>ソース ファイル\Actor\Player\Car\Body</Filter>
    </ClCompile>
    <ClCompile Include="Source\CarDoor.cpp">
      <Filter>ソース ファイル\Actor\Player\Car\Door</Filter>
    </ClCompile>
    <ClCompile Include="Source\CarWheel.cpp">
      <Filter>ソース ファイル\Actor\Player\Car\Wheel</Filter>
    </ClCompile>
    <ClCompile Include="Source\CarHandle.cpp">
      <Filter>ソース ファイル\Actor\Player\Car\Handle</Filter>
    </ClCompile>
    <ClCompile Include="Source\OrbitCamera.cpp">
      <Filter>ソース ファイル\Camera\Orbit</Filter>
    </ClCompile>
    <ClCompile Include="Source\ThirdPersonCarCamera.cpp">
      <Filter>ソース ファイル\Camera\CarCamera</Filter>
    </ClCompile>
    <ClCompile Include="Source\GameConfig.cpp">
      <Filter>ソース ファイル\System\Config</Filter>
    </ClCompile>
    <ClCompile Include="Source\InputController.cpp">
      <Filter>ソース ファイル\System\Input\XINPUT</Filter>
    </ClCompile>
    <ClCompile Include="Source\Input.cpp">
      <Filter>ソース ファイル\System\Input\KeyBoard</Filter>
    </ClCompile>
    <ClCompile Include="Source\Mouse.cpp">
      <Filter>ソース ファイル\System\Input\Mouse</Filter>
    </ClCompile>
    <ClCompile Include="Source\imgui\imgui.cpp">
      <Filter>リソース ファイル\ImGui</Filter>
    </ClCompile>
    <ClCompile Include="Source\imgui\imgui_demo.cpp">
      <Filter>リソース ファイル\ImGui</Filter>
    </ClCompile>
    <ClCompile Include="Source\imgui\imgui_draw.cpp">
      <Filter>リソース ファイル\ImGui</Filter>
    </ClCompile>
    <ClCompile Include="Source\imgui\imgui_impl_opengl2.cpp">
      <Filter>リソース ファイル\ImGui</Filter>
    </ClCompile>
    <ClCompile Include="Source\imgui\imgui_impl_opengl3.cpp">
      <Filter>リソース ファイル\ImGui</Filter>
    </ClCompile>
    <ClCompile Include="Source\imgui\imgui_impl_sdl.cpp">
      <Filter>リソース ファイル\ImGui</Filter>
    </ClCompile>
    <ClCompile Include="Source\imgui\imgui_impl_win32.cpp">
      <Filter>リソース ファイル\ImGui</Filter>
    </ClCompile>
    <ClCompile Include="Source\imgui\imgui_widgets.cpp">
      <Filter>リソース ファイル\ImGui</Filter>
    </ClCompile>
    <ClCompile Include="Source\InputSteeringWheel.cpp">
      <Filter>ソース ファイル\System\Input\SteeringWheel</Filter>
    </ClCompile>
    <ClCompile Include="Source\PlayerHuman.cpp">
      <Filter>ソース ファイル\Actor\Player\Human</Filter>
    </ClCompile>
    <ClCompile Include="Source\HumanCamera.cpp">
      <Filter>ソース ファイル\Camera\HumanCamera</Filter>
    </ClCompile>
    <ClCompile Include="Source\ThirdPersonCamera.cpp">
      <Filter>ソース ファイル\Camera\ThirdPerson</Filter>
    </ClCompile>
    <ClCompile Include="Source\MissionUI.cpp">
      <Filter>ソース ファイル\Interface\Mission</Filter>
    </ClCompile>
    <ClCompile Include="Source\MissionBase.cpp">
      <Filter>ソース ファイル\Mission</Filter>
    </ClCompile>
    <ClCompile Include="Source\MissionManager.cpp">
      <Filter>ソース ファイル\Mission</Filter>
    </ClCompile>
    <ClCompile Include="Source\SkyBox.cpp">
      <Filter>ソース ファイル\Actor\Level\Sky</Filter>
    </ClCompile>
    <ClCompile Include="Source\ClientActor.cpp">
      <Filter>ソース ファイル\Actor\ClientActor</Filter>
    </ClCompile>
    <ClCompile Include="Source\FrameBuffer.cpp">
      <Filter>ソース ファイル\Renderer\FrameBuffer</Filter>
    </ClCompile>
    <ClCompile Include="Source\Helicopter.cpp">
      <Filter>ソース ファイル\Actor\Helicopter</Filter>
    </ClCompile>
    <ClCompile Include="Source\HeliRotorMain.cpp">
      <Filter>ソース ファイル\Actor\Helicopter\parts\HeliRotorMain</Filter>
    </ClCompile>
    <ClCompile Include="Source\HeliRotorBack.cpp">
      <Filter>ソース ファイル\Actor\Helicopter\parts\HeliRotorBack</Filter>
    </ClCompile>
    <ClCompile Include="Source\HeliBody.cpp">
      <Filter>ソース ファイル\Actor\Helicopter\parts\HeliBody</Filter>
    </ClCompile>
    <ClCompile Include="Source\ShadowMap.cpp">
      <Filter>ソース ファイル\Renderer\ShadowMap</Filter>
    </ClCompile>
    <ClCompile Include="Source\HeliSpotLight.cpp">
      <Filter>ソース ファイル\Actor\Helicopter\parts\HeliLight</Filter>
    </ClCompile>
    <ClCompile Include="Source\CameraActor.cpp">
      <Filter>ソース ファイル\Actor\CameraActor</Filter>
    </ClCompile>
    <ClCompile Include="Source\PatrolComponent.cpp">
      <Filter>ソース ファイル\Component\Helicopter\Patrol</Filter>
    </ClCompile>
    <ClCompile Include="Source\PatrolPoint.cpp">
      <Filter>ソース ファイル\Actor\Helicopter\PatrolPoint</Filter>
    </ClCompile>
    <ClCompile Include="Source\GameWorld.cpp">
      <Filter>ソース ファイル\World</Filter>
    </ClCompile>
    <ClCompile Include="Source\LevelManager.cpp">
      <Filter>ソース ファイル\World</Filter>
    </ClCompile>
    <ClCompile Include="Source\Environment.cpp">
      <Filter>ソース ファイル\World</Filter>
    </ClCompile>
    <ClCompile Include="Source\WorldSpaceUI.cpp">
      <Filter>ソース ファイル\Interface\WorldSpace</Filter>
    </ClCompile>
    <ClCompile Include="Source\Canvas.cpp">
      <Filter>ソース ファイル\Interface</Filter>
    </ClCompile>
    <ClCompile Include="Source\LevelTerrain.cpp">
      <Filter>ソース ファイル\Actor\Level\LevelTerrain</Filter>
    </ClCompile>
    <ClCompile Include="Source\PlayerControlUI.cpp">
      <Filter>ソース ファイル\Interface\PlayerControl</Filter>
    </ClCompile>
    <ClCompile Include="Source\CubeMapComponent.cpp">
      <Filter>ソース ファイル\Renderer\Mesh\Component\CubeMap</Filter>
    </ClCompile>
    <ClCompile Include="Source\EnvironmentMapComponent.cpp">
      <Filter>ソース ファイル\Renderer\Mesh\Component\EnvironmentMap</Filter>
    </ClCompile>
    <ClCompile Include="Source\RenderBloom.cpp">
      <Filter>ソース ファイル\Renderer\Bloom</Filter>
    </ClCompile>
    <ClCompile Include="Source\SandSmoke.cpp">
      <Filter>ソース ファイル\Particle</Filter>
    </ClCompile>
    <ClCompile Include="Source\MiniMapHUD.cpp">
      <Filter>ソース ファイル\Interface\MiniMapHUD</Filter>
    </ClCompile>
    <ClCompile Include="Source\DefferedRenderer.cpp">
      <Filter>ソース ファイル\Renderer\DefferedRenderer</Filter>
    </ClCompile>
    <ClCompile Include="Source\SkeletalMeshComponent.cpp">
      <Filter>ソース ファイル\Renderer\Mesh\Component\Skeletal</Filter>
    </ClCompile>
    <ClCompile Include="Source\ForwardRenderer.cpp">
      <Filter>ソース ファイル\Renderer\ForwardRenderer</Filter>
    </ClCompile>
    <ClCompile Include="Source\PointLightComponent.cpp">
      <Filter>ソース ファイル\Actor\Light\LightComponent\PointLight</Filter>
    </ClCompile>
    <ClCompile Include="Source\PointLight.cpp">
      <Filter>ソース ファイル\Actor\Light\PointLight</Filter>
    </ClCompile>
    <ClCompile Include="Source\glad.c">
      <Filter>リソース ファイル</Filter>
    </ClCompile>
    <ClCompile Include="Source\ShaderManager.cpp">
      <Filter>ソース ファイル\Shader</Filter>
    </ClCompile>
    <ClCompile Include="Source\LandMarkIndicator.cpp">
      <Filter>ソース ファイル\Actor\Indicator</Filter>
    </ClCompile>
    <ClCompile Include="Source\MeshComponent.cpp">
      <Filter>ソース ファイル\Renderer\Mesh\Component\Mesh\Basic</Filter>
    </ClCompile>
    <ClCompile Include="Source\CarMeshComponent.cpp">
      <Filter>ソース ファイル\Renderer\Mesh\Component\Mesh\CarMesh</Filter>
    </ClCompile>
    <ClCompile Include="Source\SpotLight.cpp">
      <Filter>ソース ファイル\Actor\Light\SpotLight</Filter>
    </ClCompile>
    <ClCompile Include="Source\SpotLightComponent.cpp">
      <Filter>ソース ファイル\Actor\Light\LightComponent\SpotLight</Filter>
    </ClCompile>
    <ClCompile Include="Source\DebugGrid.cpp">
      <Filter>ソース ファイル\Interface\Debug\Grid</Filter>
    </ClCompile>
  </ItemGroup>
  <ItemGroup>
    <ClInclude Include="Source\Actor.h">
      <Filter>ソース ファイル\Actor</Filter>
    </ClInclude>
    <ClInclude Include="Source\Music.h">
      <Filter>ソース ファイル\Audio\Music</Filter>
    </ClInclude>
    <ClInclude Include="Source\Sound.h">
      <Filter>ソース ファイル\Audio\Sound</Filter>
    </ClInclude>
    <ClInclude Include="Source\AudioManager.h">
      <Filter>ソース ファイル\Audio</Filter>
    </ClInclude>
    <ClInclude Include="Source\Camera.h">
      <Filter>ソース ファイル\Camera</Filter>
    </ClInclude>
    <ClInclude Include="Source\Component.h">
      <Filter>ソース ファイル\Component</Filter>
    </ClInclude>
    <ClInclude Include="Source\CameraComponent.h">
      <Filter>ソース ファイル\Component\Camera</Filter>
    </ClInclude>
    <ClInclude Include="Source\MoveComponent.h">
      <Filter>ソース ファイル\Component\Move</Filter>
    </ClInclude>
    <ClInclude Include="Source\SpriteComponent.h">
      <Filter>ソース ファイル\Component\Sprite</Filter>
    </ClInclude>
    <ClInclude Include="Source\Renderer.h">
      <Filter>ソース ファイル\Renderer</Filter>
    </ClInclude>
    <ClInclude Include="Source\VertexArray.h">
      <Filter>ソース ファイル\Renderer\Vertex</Filter>
    </ClInclude>
    <ClInclude Include="Source\Texture.h">
      <Filter>ソース ファイル\Renderer\Texture</Filter>
    </ClInclude>
    <ClInclude Include="Source\Particle.h">
      <Filter>ソース ファイル\Particle</Filter>
    </ClInclude>
    <ClInclude Include="Source\ParticleManager.h">
      <Filter>ソース ファイル\Particle</Filter>
    </ClInclude>
    <ClInclude Include="Source\Mesh.h">
      <Filter>ソース ファイル\Renderer\Mesh</Filter>
    </ClInclude>
    <ClInclude Include="Source\SceneBase.h">
      <Filter>ソース ファイル\Scene</Filter>
    </ClInclude>
    <ClInclude Include="Source\Math.h">
      <Filter>ソース ファイル\System</Filter>
    </ClInclude>
    <ClInclude Include="Source\RapidJsonHelper.h">
      <Filter>ソース ファイル\System\Json</Filter>
    </ClInclude>
    <ClInclude Include="Source\TitleScene.h">
      <Filter>ソース ファイル\Scene\Title</Filter>
    </ClInclude>
    <ClInclude Include="Source\LevelBlock.h">
      <Filter>ソース ファイル\Actor\Level\Block</Filter>
    </ClInclude>
    <ClInclude Include="Source\DebugBox.h">
      <Filter>ソース ファイル\Interface\Debug</Filter>
    </ClInclude>
    <ClInclude Include="Source\Collision.h">
      <Filter>ソース ファイル\Collision</Filter>
    </ClInclude>
    <ClInclude Include="Source\PhysicsWorld.h">
      <Filter>ソース ファイル\Collision\Physics</Filter>
    </ClInclude>
    <ClInclude Include="Source\BoxCollider.h">
      <Filter>ソース ファイル\Collision\Box</Filter>
    </ClInclude>
    <ClInclude Include="Source\Shader.h">
      <Filter>ソース ファイル\Shader</Filter>
    </ClInclude>
    <ClInclude Include="Source\UIScreen.h">
      <Filter>ソース ファイル\Interface</Filter>
    </ClInclude>
    <ClInclude Include="Source\Common.h">
      <Filter>ソース ファイル</Filter>
    </ClInclude>
    <ClInclude Include="Source\GameMain.h">
      <Filter>ソース ファイル</Filter>
    </ClInclude>
    <ClInclude Include="Source\Font.h">
      <Filter>ソース ファイル\Interface\Font</Filter>
    </ClInclude>
    <ClInclude Include="Source\HUD.h">
      <Filter>ソース ファイル\Interface\HUD</Filter>
    </ClInclude>
    <ClInclude Include="Source\CountDownUI.h">
      <Filter>ソース ファイル\Interface\Time</Filter>
    </ClInclude>
    <ClInclude Include="Source\TitleScreen.h">
      <Filter>ソース ファイル\Interface\Title</Filter>
    </ClInclude>
    <ClInclude Include="Source\ScoreUI.h">
      <Filter>ソース ファイル\Interface\Score</Filter>
    </ClInclude>
    <ClInclude Include="Source\RuleTime.h">
      <Filter>ソース ファイル\Rule\Time</Filter>
    </ClInclude>
    <ClInclude Include="Source\RuleScore.h">
      <Filter>ソース ファイル\Rule\Score</Filter>
    </ClInclude>
    <ClInclude Include="Source\SpeedMeterUI.h">
      <Filter>ソース ファイル\Interface\Speed</Filter>
    </ClInclude>
    <ClInclude Include="Source\GameScene.h">
      <Filter>ソース ファイル\Scene\Game</Filter>
    </ClInclude>
    <ClInclude Include="Source\ResultScene.h">
      <Filter>ソース ファイル\Scene\Result</Filter>
    </ClInclude>
    <ClInclude Include="Source\ResultScreen.h">
      <Filter>ソース ファイル\Interface\Result</Filter>
    </ClInclude>
    <ClInclude Include="Source\TutorialUI.h">
      <Filter>ソース ファイル\Interface\Tutorial</Filter>
    </ClInclude>
    <ClInclude Include="Source\RecordScore.h">
      <Filter>ソース ファイル\Rule\Score\RecordScore</Filter>
    </ClInclude>
    <ClInclude Include="Source\LoadScreen.h">
      <Filter>ソース ファイル\Interface\Load</Filter>
    </ClInclude>
    <ClInclude Include="Source\PauseScreen.h">
      <Filter>ソース ファイル\Interface\Pause</Filter>
    </ClInclude>
    <ClInclude Include="Source\LevelObject.h">
      <Filter>ソース ファイル\Actor\Level\LevelObject</Filter>
    </ClInclude>
    <ClInclude Include="Source\MeshGpmesh.h">
      <Filter>ソース ファイル\Renderer\Mesh\GpMesh</Filter>
    </ClInclude>
    <ClInclude Include="Source\MeshObj.h">
      <Filter>ソース ファイル\Renderer\Mesh\OBJ</Filter>
    </ClInclude>
    <ClInclude Include="Source\tiny_obj_loader.h">
      <Filter>リソース ファイル\tinyObj</Filter>
    </ClInclude>
    <ClInclude Include="Source\Animation.h">
      <Filter>ソース ファイル\Renderer\Mesh\Skeleton</Filter>
    </ClInclude>
    <ClInclude Include="Source\Skeleton.h">
      <Filter>ソース ファイル\Renderer\Mesh\Skeleton</Filter>
    </ClInclude>
    <ClInclude Include="Source\MatrixPalette.h">
      <Filter>リソース ファイル</Filter>
    </ClInclude>
    <ClInclude Include="Source\BoneTransform.h">
      <Filter>ソース ファイル\Renderer\Mesh\Skeleton</Filter>
    </ClInclude>
    <ClInclude Include="Source\MoveComponentCar.h">
      <Filter>ソース ファイル\Component\Move\Car</Filter>
    </ClInclude>
    <ClInclude Include="Source\MoveComponentHuman.h">
      <Filter>ソース ファイル\Component\Move\Human</Filter>
    </ClInclude>
    <ClInclude Include="Source\PlayerManager.h">
      <Filter>ソース ファイル\Actor\Player</Filter>
    </ClInclude>
    <ClInclude Include="Source\PlayerCar.h">
      <Filter>ソース ファイル\Actor\Player\Car</Filter>
    </ClInclude>
    <ClInclude Include="Source\CarBody.h">
      <Filter>ソース ファイル\Actor\Player\Car\Body</Filter>
    </ClInclude>
    <ClInclude Include="Source\CarDoor.h">
      <Filter>ソース ファイル\Actor\Player\Car\Door</Filter>
    </ClInclude>
    <ClInclude Include="Source\CarWheel.h">
      <Filter>ソース ファイル\Actor\Player\Car\Wheel</Filter>
    </ClInclude>
    <ClInclude Include="Source\CarHandle.h">
      <Filter>ソース ファイル\Actor\Player\Car\Handle</Filter>
    </ClInclude>
    <ClInclude Include="Source\OrbitCamera.h">
      <Filter>ソース ファイル\Camera\Orbit</Filter>
    </ClInclude>
    <ClInclude Include="Source\ThirdPersonCarCamera.h">
      <Filter>ソース ファイル\Camera\CarCamera</Filter>
    </ClInclude>
    <ClInclude Include="Source\GameConfig.h">
      <Filter>ソース ファイル\System\Config</Filter>
    </ClInclude>
    <ClInclude Include="Source\InputController.h">
      <Filter>ソース ファイル\System\Input\XINPUT</Filter>
    </ClInclude>
    <ClInclude Include="Source\Input.h">
      <Filter>ソース ファイル\System\Input\KeyBoard</Filter>
    </ClInclude>
    <ClInclude Include="Source\Mouse.h">
      <Filter>ソース ファイル\System\Input\Mouse</Filter>
    </ClInclude>
    <ClInclude Include="Source\InputSteeringWheel.h">
      <Filter>ソース ファイル\System\Input\SteeringWheel</Filter>
    </ClInclude>
    <ClInclude Include="Source\imgui\imconfig.h">
      <Filter>リソース ファイル\ImGui</Filter>
    </ClInclude>
    <ClInclude Include="Source\imgui\imgui.h">
      <Filter>リソース ファイル\ImGui</Filter>
    </ClInclude>
    <ClInclude Include="Source\imgui\imgui_impl_opengl2.h">
      <Filter>リソース ファイル\ImGui</Filter>
    </ClInclude>
    <ClInclude Include="Source\imgui\imgui_impl_opengl3.h">
      <Filter>リソース ファイル\ImGui</Filter>
    </ClInclude>
    <ClInclude Include="Source\imgui\imgui_impl_sdl.h">
      <Filter>リソース ファイル\ImGui</Filter>
    </ClInclude>
    <ClInclude Include="Source\imgui\imgui_impl_win32.h">
      <Filter>リソース ファイル\ImGui</Filter>
    </ClInclude>
    <ClInclude Include="Source\imgui\imgui_internal.h">
      <Filter>リソース ファイル\ImGui</Filter>
    </ClInclude>
    <ClInclude Include="Source\imgui\imgui_single_file.h">
      <Filter>リソース ファイル\ImGui</Filter>
    </ClInclude>
    <ClInclude Include="Source\imgui\imstb_rectpack.h">
      <Filter>リソース ファイル\ImGui</Filter>
    </ClInclude>
    <ClInclude Include="Source\imgui\imstb_textedit.h">
      <Filter>リソース ファイル\ImGui</Filter>
    </ClInclude>
    <ClInclude Include="Source\imgui\imstb_truetype.h">
      <Filter>リソース ファイル\ImGui</Filter>
    </ClInclude>
    <ClInclude Include="Source\PlayerHuman.h">
      <Filter>ソース ファイル\Actor\Player\Human</Filter>
    </ClInclude>
    <ClInclude Include="Source\HumanCamera.h">
      <Filter>ソース ファイル\Camera\HumanCamera</Filter>
    </ClInclude>
    <ClInclude Include="Source\ThirdPersonCamera.h">
      <Filter>ソース ファイル\Camera\ThirdPerson</Filter>
    </ClInclude>
    <ClInclude Include="Source\MissionUI.h">
      <Filter>ソース ファイル\Interface\Mission</Filter>
    </ClInclude>
    <ClInclude Include="Source\MissionBase.h">
      <Filter>ソース ファイル\Mission</Filter>
    </ClInclude>
    <ClInclude Include="Source\MissionManager.h">
      <Filter>ソース ファイル\Mission</Filter>
    </ClInclude>
    <ClInclude Include="Source\SkyBox.h">
      <Filter>ソース ファイル\Actor\Level\Sky</Filter>
    </ClInclude>
    <ClInclude Include="Source\FrameBuffer.h">
      <Filter>ソース ファイル\Renderer\FrameBuffer</Filter>
    </ClInclude>
    <ClInclude Include="Source\ClientActor.h">
      <Filter>ソース ファイル\Actor\ClientActor</Filter>
    </ClInclude>
    <ClInclude Include="Source\Helicopter.h">
      <Filter>ソース ファイル\Actor\Helicopter</Filter>
    </ClInclude>
    <ClInclude Include="Source\HeliRotorMain.h">
      <Filter>ソース ファイル\Actor\Helicopter\parts\HeliRotorMain</Filter>
    </ClInclude>
    <ClInclude Include="Source\HeliRotorBack.h">
      <Filter>ソース ファイル\Actor\Helicopter\parts\HeliRotorBack</Filter>
    </ClInclude>
    <ClInclude Include="Source\HeliBody.h">
      <Filter>ソース ファイル\Actor\Helicopter\parts\HeliBody</Filter>
    </ClInclude>
    <ClInclude Include="Source\ShadowMap.h">
      <Filter>ソース ファイル\Renderer\ShadowMap</Filter>
    </ClInclude>
    <ClInclude Include="Source\HeliSpotLight.h">
      <Filter>ソース ファイル\Actor\Helicopter\parts\HeliLight</Filter>
    </ClInclude>
    <ClInclude Include="Source\CameraActor.h">
      <Filter>ソース ファイル\Actor\CameraActor</Filter>
    </ClInclude>
    <ClInclude Include="Source\PatrolComponent.h">
      <Filter>ソース ファイル\Component\Helicopter\Patrol</Filter>
    </ClInclude>
    <ClInclude Include="Source\PatrolPoint.h">
      <Filter>ソース ファイル\Actor\Helicopter\PatrolPoint</Filter>
    </ClInclude>
    <ClInclude Include="Source\GameWorld.h">
      <Filter>ソース ファイル\World</Filter>
    </ClInclude>
    <ClInclude Include="Source\LevelManager.h">
      <Filter>ソース ファイル\World</Filter>
    </ClInclude>
    <ClInclude Include="Source\Environment.h">
      <Filter>ソース ファイル\World</Filter>
    </ClInclude>
    <ClInclude Include="Source\WorldSpaceUI.h">
      <Filter>ソース ファイル\Interface\WorldSpace</Filter>
    </ClInclude>
    <ClInclude Include="Source\Canvas.h">
      <Filter>ソース ファイル\Interface</Filter>
    </ClInclude>
    <ClInclude Include="Source\LevelTerrain.h">
      <Filter>ソース ファイル\Actor\Level\LevelTerrain</Filter>
    </ClInclude>
    <ClInclude Include="Source\PlayerControlUI.h">
      <Filter>ソース ファイル\Interface\PlayerControl</Filter>
    </ClInclude>
    <ClInclude Include="Source\CubeMapComponent.h">
      <Filter>ソース ファイル\Renderer\Mesh\Component\CubeMap</Filter>
    </ClInclude>
    <ClInclude Include="Source\SkeletalMeshComponent.h">
      <Filter>ソース ファイル\Renderer\Mesh\Component\Skeletal</Filter>
    </ClInclude>
    <ClInclude Include="Source\EnvironmentMapComponent.h">
      <Filter>ソース ファイル\Renderer\Mesh\Component\EnvironmentMap</Filter>
    </ClInclude>
    <ClInclude Include="Source\RenderBloom.h">
      <Filter>ソース ファイル\Renderer\Bloom</Filter>
    </ClInclude>
    <ClInclude Include="Source\DefferedRenderer.h">
      <Filter>ソース ファイル\Renderer\DefferedRenderer</Filter>
    </ClInclude>
    <ClInclude Include="Source\SandSmoke.h">
      <Filter>ソース ファイル\Particle</Filter>
    </ClInclude>
    <ClInclude Include="Source\MissionListUI.h">
      <Filter>ソース ファイル\Interface\Mission</Filter>
    </ClInclude>
    <ClInclude Include="Source\MiniMapHUD.h">
      <Filter>ソース ファイル\Interface\MiniMapHUD</Filter>
    </ClInclude>
    <ClInclude Include="Source\ForwardRenderer.h">
      <Filter>ソース ファイル\Renderer\ForwardRenderer</Filter>
    </ClInclude>
    <ClInclude Include="Source\PointLightComponent.h">
      <Filter>ソース ファイル\Actor\Light\LightComponent\PointLight</Filter>
    </ClInclude>
    <ClInclude Include="Source\PointLight.h">
      <Filter>ソース ファイル\Actor\Light\PointLight</Filter>
    </ClInclude>
    <ClInclude Include="Source\ShaderManager.h">
      <Filter>ソース ファイル\Shader</Filter>
    </ClInclude>
    <ClInclude Include="Source\LandMarkIndicator.h">
      <Filter>ソース ファイル\Actor\Indicator</Filter>
    </ClInclude>
    <ClInclude Include="Source\MeshComponent.h">
      <Filter>ソース ファイル\Renderer\Mesh\Component\Mesh\Basic</Filter>
    </ClInclude>
    <ClInclude Include="Source\CarMeshComponent.h">
      <Filter>ソース ファイル\Renderer\Mesh\Component\Mesh\CarMesh</Filter>
    </ClInclude>
    <ClInclude Include="Source\SpotLight.h">
      <Filter>ソース ファイル\Actor\Light\SpotLight</Filter>
    </ClInclude>
    <ClInclude Include="Source\SpotLightComponent.h">
      <Filter>ソース ファイル\Actor\Light\LightComponent\SpotLight</Filter>
    </ClInclude>
    <ClInclude Include="Source\DebugGrid.h">
      <Filter>ソース ファイル\Interface\Debug\Grid</Filter>
    </ClInclude>
  </ItemGroup>
  <ItemGroup>
    <None Include="Data\Shaders\DirectLine.vert">
      <Filter>ソース ファイル\Shader\Source</Filter>
    </None>
    <None Include="Data\Shaders\Line.frag">
      <Filter>ソース ファイル\Shader\Source</Filter>
    </None>
    <None Include="Data\Shaders\Line.vert">
      <Filter>ソース ファイル\Shader\Source</Filter>
    </None>
    <None Include="Data\Shaders\Particle.frag">
      <Filter>ソース ファイル\Shader\Source</Filter>
    </None>
    <None Include="Data\Shaders\FB\BlurScreen.frag">
      <Filter>ソース ファイル\Shader\Source\FrameBuffer</Filter>
    </None>
    <None Include="Data\Shaders\FB\CernelScreen.frag">
      <Filter>ソース ファイル\Shader\Source\FrameBuffer</Filter>
    </None>
    <None Include="Data\Shaders\FB\FrameBufferScreen.frag">
      <Filter>ソース ファイル\Shader\Source\FrameBuffer</Filter>
    </None>
    <None Include="Data\Shaders\FB\FrameBufferScreen.vert">
      <Filter>ソース ファイル\Shader\Source\FrameBuffer</Filter>
    </None>
    <None Include="Data\Shaders\FB\GreyScaleScreen.frag">
      <Filter>ソース ファイル\Shader\Source\FrameBuffer</Filter>
    </None>
    <None Include="Data\Shaders\FB\InvertColorScreen.frag">
      <Filter>ソース ファイル\Shader\Source\FrameBuffer</Filter>
    </None>
    <None Include="Data\Shaders\FB\SharpEdgeScreen.frag">
      <Filter>ソース ファイル\Shader\Source\FrameBuffer</Filter>
    </None>
    <None Include="Data\Shaders\BasicMesh.vert">
      <Filter>ソース ファイル\Shader\Source\SingleRender\Mesh</Filter>
    </None>
    <None Include="Data\Shaders\BasicMesh.frag">
      <Filter>ソース ファイル\Shader\Source\SingleRender\Mesh</Filter>
    </None>
    <None Include="Data\Shaders\SpriteShader.vert">
      <Filter>ソース ファイル\Shader\Source\Sprite</Filter>
    </None>
    <None Include="Data\Shaders\SpriteShader.frag">
      <Filter>ソース ファイル\Shader\Source\Sprite</Filter>
    </None>
    <None Include="Data\Shaders\WorldSpaceSprite.vert">
      <Filter>ソース ファイル\Shader\Source\Sprite\WorldSpace</Filter>
    </None>
    <None Include="Data\Shaders\WorldSpaceSprite.frag">
      <Filter>ソース ファイル\Shader\Source\Sprite\WorldSpace</Filter>
    </None>
    <None Include="Data\Shaders\SkinnedShadow.vert">
      <Filter>ソース ファイル\Shader\Source\SingleRender\Shadow\BasicMesh\Skinned</Filter>
    </None>
    <None Include="Data\Shaders\DepthMap.frag">
      <Filter>ソース ファイル\Shader\Source\SingleRender\Shadow\DepthMap\Basic</Filter>
    </None>
    <None Include="Data\Shaders\DepthMap.vert">
      <Filter>ソース ファイル\Shader\Source\SingleRender\Shadow\DepthMap\Basic</Filter>
    </None>
    <None Include="Data\Shaders\SkinnedDepth.vert">
      <Filter>ソース ファイル\Shader\Source\SingleRender\Shadow\DepthMap\Skinned</Filter>
    </None>
    <None Include="Data\Shaders\ShadowNormalMap.vert">
      <Filter>ソース ファイル\Shader\Source\SingleRender\Shadow\NormalMap</Filter>
    </None>
    <None Include="Data\Shaders\ShadowNormalMap.frag">
      <Filter>ソース ファイル\Shader\Source\SingleRender\Shadow\NormalMap</Filter>
    </None>
    <None Include="Data\Shaders\SkinnedDepthNormal.vert">
      <Filter>ソース ファイル\Shader\Source\SingleRender\Shadow\DepthMap\Skinned</Filter>
    </None>
    <None Include="Data\Shaders\EnvironmentMap.vert">
      <Filter>ソース ファイル\Shader\Source\SingleRender\EnvironmentMap</Filter>
    </None>
    <None Include="Data\Shaders\EnvironmentMap.frag">
      <Filter>ソース ファイル\Shader\Source\SingleRender\EnvironmentMap</Filter>
    </None>
    <None Include="Data\Shaders\NormalMap.frag">
      <Filter>ソース ファイル\Shader\Source\SingleRender\ShadowLess</Filter>
    </None>
    <None Include="Data\Shaders\NormalMap.vert">
      <Filter>ソース ファイル\Shader\Source\SingleRender\ShadowLess</Filter>
    </None>
    <None Include="Data\Shaders\Phong.frag">
      <Filter>ソース ファイル\Shader\Source\SingleRender\ShadowLess</Filter>
    </None>
    <None Include="Data\Shaders\Phong.vert">
      <Filter>ソース ファイル\Shader\Source\SingleRender\ShadowLess</Filter>
    </None>
    <None Include="Data\Shaders\Skinned.vert">
      <Filter>ソース ファイル\Shader\Source\SingleRender\ShadowLess</Filter>
    </None>
    <None Include="Data\Shaders\SkyBox.frag">
      <Filter>ソース ファイル\Shader\Source\SingleRender</Filter>
    </None>
    <None Include="Data\Shaders\SkyBox.vert">
      <Filter>ソース ファイル\Shader\Source\SingleRender</Filter>
    </None>
    <None Include="Data\Shaders\MultiRender\DownSampling.frag">
      <Filter>ソース ファイル\Shader\Source\MultiRender\HDR\DownSampling</Filter>
    </None>
    <None Include="Data\Shaders\MultiRender\GaussBlur.frag">
      <Filter>ソース ファイル\Shader\Source\MultiRender\HDR\GaussBlur</Filter>
    </None>
    <None Include="Data\Shaders\MultiRender\Bloom.frag">
      <Filter>ソース ファイル\Shader\Source\MultiRender\HDR\Bloom</Filter>
    </None>
    <None Include="Data\Shaders\MultiRender\MultiRenderNormShadow.frag">
      <Filter>ソース ファイル\Shader\Source\MultiRender\Mesh</Filter>
    </None>
    <None Include="Data\Shaders\MultiRender\MultiRenderNormShadow.vert">
      <Filter>ソース ファイル\Shader\Source\MultiRender\Mesh</Filter>
    </None>
    <None Include="Data\Shaders\PhongShadow.vert">
      <Filter>ソース ファイル\Shader\Source\SingleRender\Shadow\BasicMesh</Filter>
    </None>
    <None Include="Data\Shaders\PhongShadow.frag">
      <Filter>ソース ファイル\Shader\Source\SingleRender\Shadow\BasicMesh</Filter>
    </None>
    <None Include="Data\Shaders\ShadowSkinnedNormal.vert">
      <Filter>ソース ファイル\Shader\Source\SingleRender\Shadow\NormalMap\Skinned</Filter>
    </None>
    <None Include="Data\Shaders\MultiRender\MultiRenderNormShadowSkinned.frag">
      <Filter>ソース ファイル\Shader\Source\MultiRender\Mesh\Skinned</Filter>
    </None>
    <None Include="Data\Shaders\MultiRender\MultiRenderNormShadowSkinned.vert">
      <Filter>ソース ファイル\Shader\Source\MultiRender\Mesh\Skinned</Filter>
    </None>
    <None Include="Data\Shaders\MultiRender\MultiRenderSkyBox.frag">
      <Filter>ソース ファイル\Shader\Source\MultiRender\Mesh\SkyBox</Filter>
    </None>
    <None Include="Data\Shaders\MultiRender\MultiRenderSkyBox.vert">
      <Filter>ソース ファイル\Shader\Source\MultiRender\Mesh\SkyBox</Filter>
    </None>
    <None Include="Data\Shaders\MultiRender\MultiRenderEnvironmentMap.vert">
      <Filter>ソース ファイル\Shader\Source\MultiRender\Mesh\Environment</Filter>
    </None>
    <None Include="Data\Shaders\MultiRender\MultiRenderEnvironmentMap.frag">
      <Filter>ソース ファイル\Shader\Source\MultiRender\Mesh\Environment</Filter>
    </None>
    <None Include="Data\Shaders\GBuffer\gBuffer_Basic.vert">
      <Filter>ソース ファイル\Shader\Source\GBuffer\Mesh\Basic</Filter>
    </None>
    <None Include="Data\Shaders\GBuffer\gBuffer_Basic.frag">
      <Filter>ソース ファイル\Shader\Source\GBuffer\Mesh\Basic</Filter>
    </None>
    <None Include="Data\Shaders\GBuffer\PointLight.vert">
      <Filter>ソース ファイル\Shader\Source\GBuffer\Lighting\Basic\PointLight</Filter>
    </None>
    <None Include="Data\Shaders\GBuffer\PointLight.frag">
      <Filter>ソース ファイル\Shader\Source\GBuffer\Lighting\Basic\PointLight</Filter>
    </None>
    <None Include="Data\Shaders\GBuffer\DirectionalLight.vert">
      <Filter>ソース ファイル\Shader\Source\GBuffer\Lighting\Basic\DirectionalLight</Filter>
    </None>
    <None Include="Data\Shaders\GBuffer\DirectionalLight.frag">
      <Filter>ソース ファイル\Shader\Source\GBuffer\Lighting\Basic\DirectionalLight</Filter>
    </None>
    <None Include="Data\Shaders\GBuffer\gBuffer_SkyBox.frag">
      <Filter>ソース ファイル\Shader\Source\GBuffer\Mesh\SkyBox</Filter>
    </None>
    <None Include="Data\Shaders\GBuffer\gBuffer_SkyBox.vert">
      <Filter>ソース ファイル\Shader\Source\GBuffer\Mesh\SkyBox</Filter>
    </None>
    <None Include="Data\Shaders\GBuffer\gBuffer_EnvironmentMap.frag">
      <Filter>ソース ファイル\Shader\Source\GBuffer\Mesh\Environment</Filter>
    </None>
    <None Include="Data\Shaders\GBuffer\gBuffer_EnvironmentMap.vert">
      <Filter>ソース ファイル\Shader\Source\GBuffer\Mesh\Environment</Filter>
    </None>
    <None Include="Data\Shaders\GBuffer\gBuffer_NormShadow.frag">
      <Filter>ソース ファイル\Shader\Source\GBuffer\Mesh\NormalShadow</Filter>
    </None>
    <None Include="Data\Shaders\GBuffer\gBuffer_NormShadow.vert">
      <Filter>ソース ファイル\Shader\Source\GBuffer\Mesh\NormalShadow</Filter>
    </None>
    <None Include="Data\Shaders\GBuffer\PointLight_Bloom.frag">
      <Filter>ソース ファイル\Shader\Source\GBuffer\Lighting\Bloom\PointLight</Filter>
    </None>
    <None Include="Data\Shaders\GBuffer\PointLight_Bloom.vert">
      <Filter>ソース ファイル\Shader\Source\GBuffer\Lighting\Bloom\PointLight</Filter>
    </None>
    <None Include="Data\Shaders\GBuffer\DirectionalLight_Bloom.frag">
      <Filter>ソース ファイル\Shader\Source\GBuffer\Lighting\Bloom\DirectionalLight</Filter>
    </None>
    <None Include="Data\Shaders\GBuffer\DirectionalLight_Bloom.vert">
      <Filter>ソース ファイル\Shader\Source\GBuffer\Lighting\Bloom\DirectionalLight</Filter>
    </None>
    <None Include="Data\Shaders\GBuffer\SpriteShader_Bloom.frag">
      <Filter>ソース ファイル\Shader\Source\GBuffer\Lighting\Bloom\Sprite</Filter>
    </None>
    <None Include="Data\Shaders\GBuffer\SpriteShader_Bloom.vert">
      <Filter>ソース ファイル\Shader\Source\GBuffer\Lighting\Bloom\Sprite</Filter>
    </None>
    <None Include="Data\Shaders\GBuffer\Particle_Bloom.frag">
      <Filter>ソース ファイル\Shader\Source\GBuffer\Lighting\Bloom\Particle</Filter>
    </None>
    <None Include="Data\Shaders\GBuffer\gBuffer_SkinNormShadow.vert">
      <Filter>ソース ファイル\Shader\Source\GBuffer\Mesh\NormalShadow</Filter>
    </None>
    <None Include="Data\Shaders\GBuffer\gBuffer_Shadow.frag">
      <Filter>ソース ファイル\Shader\Source\GBuffer\Mesh\Shadow</Filter>
    </None>
    <None Include="Data\Shaders\GBuffer\Particle_Bloom.vert">
      <Filter>ソース ファイル\Shader\Source\GBuffer\Lighting\Bloom\Particle</Filter>
    </None>
    <None Include="Data\Shaders\GBuffer\WorldSpaceSprite_Bloom.frag">
      <Filter>ソース ファイル\Shader\Source\GBuffer\Lighting\Bloom\Sprite\WorldSpace</Filter>
    </None>
    <None Include="Data\Shaders\GBuffer\gBuffer_CarShader.frag">
      <Filter>ソース ファイル\Shader\Source\GBuffer\Mesh\Car</Filter>
    </None>
    <None Include="Data\Shaders\GBuffer\gBuffer_CarShader.vert">
      <Filter>ソース ファイル\Shader\Source\GBuffer\Mesh\Car</Filter>
    </None>
    <None Include="Data\Shaders\GBuffer\gBuffer_CarShaderReflect.frag">
      <Filter>ソース ファイル\Shader\Source\GBuffer\Mesh\Car\reflect</Filter>
    </None>
    <None Include="Data\Shaders\GBuffer\gBuffer_CarShaderReflect.vert">
      <Filter>ソース ファイル\Shader\Source\GBuffer\Mesh\Car\reflect</Filter>
    </None>
    <None Include="Data\Shaders\GBuffer\SpotLight_Bloom.vert">
      <Filter>ソース ファイル\Shader\Source\GBuffer\Lighting\Bloom\SpotLight</Filter>
    </None>
    <None Include="Data\Shaders\GBuffer\SpotLight_Bloom.frag">
      <Filter>ソース ファイル\Shader\Source\GBuffer\Lighting\Bloom\SpotLight</Filter>
    </None>
    <None Include="Data\Shaders\GBuffer\LightGlass.vert">
      <Filter>ソース ファイル\Shader\Source\GBuffer\Lighting\Basic\LightGlass</Filter>
    </None>
  </ItemGroup>
</Project>